{
  "object": {
    "pins": [
      {
        "package": "Promises",
        "repositoryURL": "https://github.com/google/promises.git",
        "state": {
          "branch": null,
          "revision": "6499d988ef88326f2f4cf72d840f66dbb11c2e69",
          "version": "1.2.4"
        }
      }
    ]
  },
  "version": 1
}
