// !$*UTF8*$!
{
	archiveVersion = 1;
	classes = {
	};
	objectVersion = 50;
	objects = {

/* Begin PBXBuildFile section */
		A6922864219244740037FF5B /* AppDelegate.swift in Sources */ = {isa = PBXBuildFile; fileRef = A6922863219244740037FF5B /* AppDelegate.swift */; };
		A6922866219244740037FF5B /* ViewController.swift in Sources */ = {isa = PBXBuildFile; fileRef = A6922865219244740037FF5B /* ViewController.swift */; };
		A6922869219244740037FF5B /* Main.storyboard in Resources */ = {isa = PBXBuildFile; fileRef = A6922867219244740037FF5B /* Main.storyboard */; };
		A692286B219244760037FF5B /* Assets.xcassets in Resources */ = {isa = PBXBuildFile; fileRef = A692286A219244760037FF5B /* Assets.xcassets */; };
		A692286E219244760037FF5B /* LaunchScreen.storyboard in Resources */ = {isa = PBXBuildFile; fileRef = A692286C219244760037FF5B /* LaunchScreen.storyboard */; };
		A6922879219244760037FF5B /* SingletonTests.swift in Sources */ = {isa = PBXBuildFile; fileRef = A6922878219244760037FF5B /* SingletonTests.swift */; };
		A69228862192D8A10037FF5B /* FileLoaderTests.swift in Sources */ = {isa = PBXBuildFile; fileRef = A69228852192D8A10037FF5B /* FileLoaderTests.swift */; };
		A6D14D162194E1780073EC1A /* FixturePlayers.json in Resources */ = {isa = PBXBuildFile; fileRef = A6D14D152194E1780073EC1A /* FixturePlayers.json */; };
		A6D14D172194E2680073EC1A /* FixturePlayers.json in Resources */ = {isa = PBXBuildFile; fileRef = A6D14D152194E1780073EC1A /* FixturePlayers.json */; };
/* End PBXBuildFile section */

/* Begin PBXContainerItemProxy section */
		A6922875219244760037FF5B /* PBXContainerItemProxy */ = {
			isa = PBXContainerItemProxy;
			containerPortal = A6922858219244740037FF5B /* Project object */;
			proxyType = 1;
			remoteGlobalIDString = A692285F219244740037FF5B;
			remoteInfo = TipsTricks;
		};
/* End PBXContainerItemProxy section */

/* Begin PBXFileReference section */
		A6922860219244740037FF5B /* TipsTricks.app */ = {isa = PBXFileReference; explicitFileType = wrapper.application; includeInIndex = 0; path = TipsTricks.app; sourceTree = BUILT_PRODUCTS_DIR; };
		A6922863219244740037FF5B /* AppDelegate.swift */ = {isa = PBXFileReference; lastKnownFileType = sourcecode.swift; path = AppDelegate.swift; sourceTree = "<group>"; };
		A6922865219244740037FF5B /* ViewController.swift */ = {isa = PBXFileReference; lastKnownFileType = sourcecode.swift; path = ViewController.swift; sourceTree = "<group>"; };
		A6922868219244740037FF5B /* Base */ = {isa = PBXFileReference; lastKnownFileType = file.storyboard; name = Base; path = Base.lproj/Main.storyboard; sourceTree = "<group>"; };
		A692286A219244760037FF5B /* Assets.xcassets */ = {isa = PBXFileReference; lastKnownFileType = folder.assetcatalog; path = Assets.xcassets; sourceTree = "<group>"; };
		A692286D219244760037FF5B /* Base */ = {isa = PBXFileReference; lastKnownFileType = file.storyboard; name = Base; path = Base.lproj/LaunchScreen.storyboard; sourceTree = "<group>"; };
		A692286F219244760037FF5B /* Info.plist */ = {isa = PBXFileReference; lastKnownFileType = text.plist.xml; path = Info.plist; sourceTree = "<group>"; };
		A6922874219244760037FF5B /* TipsTricksTests.xctest */ = {isa = PBXFileReference; explicitFileType = wrapper.cfbundle; includeInIndex = 0; path = TipsTricksTests.xctest; sourceTree = BUILT_PRODUCTS_DIR; };
		A6922878219244760037FF5B /* SingletonTests.swift */ = {isa = PBXFileReference; lastKnownFileType = sourcecode.swift; path = SingletonTests.swift; sourceTree = "<group>"; };
		A692287A219244760037FF5B /* Info.plist */ = {isa = PBXFileReference; lastKnownFileType = text.plist.xml; path = Info.plist; sourceTree = "<group>"; };
		A69228852192D8A10037FF5B /* FileLoaderTests.swift */ = {isa = PBXFileReference; lastKnownFileType = sourcecode.swift; path = FileLoaderTests.swift; sourceTree = "<group>"; };
		A6D14D152194E1780073EC1A /* FixturePlayers.json */ = {isa = PBXFileReference; lastKnownFileType = text.json; path = FixturePlayers.json; sourceTree = "<group>"; };
/* End PBXFileReference section */

/* Begin PBXFrameworksBuildPhase section */
		A692285D219244740037FF5B /* Frameworks */ = {
			isa = PBXFrameworksBuildPhase;
			buildActionMask = 2147483647;
			files = (
			);
			runOnlyForDeploymentPostprocessing = 0;
		};
		A6922871219244760037FF5B /* Frameworks */ = {
			isa = PBXFrameworksBuildPhase;
			buildActionMask = 2147483647;
			files = (
			);
			runOnlyForDeploymentPostprocessing = 0;
		};
/* End PBXFrameworksBuildPhase section */

/* Begin PBXGroup section */
		A6922857219244740037FF5B = {
			isa = PBXGroup;
			children = (
				A6922862219244740037FF5B /* TipsTricks */,
				A6922877219244760037FF5B /* TipsTricksTests */,
				A6922861219244740037FF5B /* Products */,
			);
			sourceTree = "<group>";
		};
		A6922861219244740037FF5B /* Products */ = {
			isa = PBXGroup;
			children = (
				A6922860219244740037FF5B /* TipsTricks.app */,
				A6922874219244760037FF5B /* TipsTricksTests.xctest */,
			);
			name = Products;
			sourceTree = "<group>";
		};
		A6922862219244740037FF5B /* TipsTricks */ = {
			isa = PBXGroup;
			children = (
				A6922863219244740037FF5B /* AppDelegate.swift */,
				A6922865219244740037FF5B /* ViewController.swift */,
				A6922867219244740037FF5B /* Main.storyboard */,
				A692286A219244760037FF5B /* Assets.xcassets */,
				A692286C219244760037FF5B /* LaunchScreen.storyboard */,
				A692286F219244760037FF5B /* Info.plist */,
			);
			path = TipsTricks;
			sourceTree = "<group>";
		};
		A6922877219244760037FF5B /* TipsTricksTests */ = {
			isa = PBXGroup;
			children = (
				A6D14D152194E1780073EC1A /* FixturePlayers.json */,
				A6922878219244760037FF5B /* SingletonTests.swift */,
				A69228852192D8A10037FF5B /* FileLoaderTests.swift */,
				A692287A219244760037FF5B /* Info.plist */,
			);
			path = TipsTricksTests;
			sourceTree = "<group>";
		};
/* End PBXGroup section */

/* Begin PBXNativeTarget section */
		A692285F219244740037FF5B /* TipsTricks */ = {
			isa = PBXNativeTarget;
			buildConfigurationList = A692287D219244760037FF5B /* Build configuration list for PBXNativeTarget "TipsTricks" */;
			buildPhases = (
				A692285C219244740037FF5B /* Sources */,
				A692285D219244740037FF5B /* Frameworks */,
				A692285E219244740037FF5B /* Resources */,
			);
			buildRules = (
			);
			dependencies = (
			);
			name = TipsTricks;
			productName = TipsTricks;
			productReference = A6922860219244740037FF5B /* TipsTricks.app */;
			productType = "com.apple.product-type.application";
		};
		A6922873219244760037FF5B /* TipsTricksTests */ = {
			isa = PBXNativeTarget;
			buildConfigurationList = A6922880219244760037FF5B /* Build configuration list for PBXNativeTarget "TipsTricksTests" */;
			buildPhases = (
				A6922870219244760037FF5B /* Sources */,
				A6922871219244760037FF5B /* Frameworks */,
				A6922872219244760037FF5B /* Resources */,
			);
			buildRules = (
			);
			dependencies = (
				A6922876219244760037FF5B /* PBXTargetDependency */,
			);
			name = TipsTricksTests;
			productName = TipsTricksTests;
			productReference = A6922874219244760037FF5B /* TipsTricksTests.xctest */;
			productType = "com.apple.product-type.bundle.unit-test";
		};
/* End PBXNativeTarget section */

/* Begin PBXProject section */
		A6922858219244740037FF5B /* Project object */ = {
			isa = PBXProject;
			attributes = {
				LastSwiftUpdateCheck = 1000;
				LastUpgradeCheck = 1000;
				ORGANIZATIONNAME = trainline;
				TargetAttributes = {
					A692285F219244740037FF5B = {
						CreatedOnToolsVersion = 10.0;
					};
					A6922873219244760037FF5B = {
						CreatedOnToolsVersion = 10.0;
						TestTargetID = A692285F219244740037FF5B;
					};
				};
			};
			buildConfigurationList = A692285B219244740037FF5B /* Build configuration list for PBXProject "TipsTricks" */;
			compatibilityVersion = "Xcode 9.3";
			developmentRegion = en;
			hasScannedForEncodings = 0;
			knownRegions = (
				en,
				Base,
			);
			mainGroup = A6922857219244740037FF5B;
			productRefGroup = A6922861219244740037FF5B /* Products */;
			projectDirPath = "";
			projectRoot = "";
			targets = (
				A692285F219244740037FF5B /* TipsTricks */,
				A6922873219244760037FF5B /* TipsTricksTests */,
			);
		};
/* End PBXProject section */

/* Begin PBXResourcesBuildPhase section */
		A692285E219244740037FF5B /* Resources */ = {
			isa = PBXResourcesBuildPhase;
			buildActionMask = 2147483647;
			files = (
				A6D14D162194E1780073EC1A /* FixturePlayers.json in Resources */,
				A692286E219244760037FF5B /* LaunchScreen.storyboard in Resources */,
				A692286B219244760037FF5B /* Assets.xcassets in Resources */,
				A6922869219244740037FF5B /* Main.storyboard in Resources */,
			);
			runOnlyForDeploymentPostprocessing = 0;
		};
		A6922872219244760037FF5B /* Resources */ = {
			isa = PBXResourcesBuildPhase;
			buildActionMask = 2147483647;
			files = (
				A6D14D172194E2680073EC1A /* FixturePlayers.json in Resources */,
			);
			runOnlyForDeploymentPostprocessing = 0;
		};
/* End PBXResourcesBuildPhase section */

/* Begin PBXSourcesBuildPhase section */
		A692285C219244740037FF5B /* Sources */ = {
			isa = PBXSourcesBuildPhase;
			buildActionMask = 2147483647;
			files = (
				A6922866219244740037FF5B /* ViewController.swift in Sources */,
				A6922864219244740037FF5B /* AppDelegate.swift in Sources */,
			);
			runOnlyForDeploymentPostprocessing = 0;
		};
		A6922870219244760037FF5B /* Sources */ = {
			isa = PBXSourcesBuildPhase;
			buildActionMask = 2147483647;
			files = (
				A69228862192D8A10037FF5B /* FileLoaderTests.swift in Sources */,
				A6922879219244760037FF5B /* SingletonTests.swift in Sources */,
			);
			runOnlyForDeploymentPostprocessing = 0;
		};
/* End PBXSourcesBuildPhase section */

/* Begin PBXTargetDependency section */
		A6922876219244760037FF5B /* PBXTargetDependency */ = {
			isa = PBXTargetDependency;
			target = A692285F219244740037FF5B /* TipsTricks */;
			targetProxy = A6922875219244760037FF5B /* PBXContainerItemProxy */;
		};
/* End PBXTargetDependency section */

/* Begin PBXVariantGroup section */
		A6922867219244740037FF5B /* Main.storyboard */ = {
			isa = PBXVariantGroup;
			children = (
				A6922868219244740037FF5B /* Base */,
			);
			name = Main.storyboard;
			sourceTree = "<group>";
		};
		A692286C219244760037FF5B /* LaunchScreen.storyboard */ = {
			isa = PBXVariantGroup;
			children = (
				A692286D219244760037FF5B /* Base */,
			);
			name = LaunchScreen.storyboard;
			sourceTree = "<group>";
		};
/* End PBXVariantGroup section */

/* Begin XCBuildConfiguration section */
		A692287B219244760037FF5B /* Debug */ = {
			isa = XCBuildConfiguration;
			buildSettings = {
				ALWAYS_SEARCH_USER_PATHS = NO;
				CLANG_ANALYZER_NONNULL = YES;
				CLANG_ANALYZER_NUMBER_OBJECT_CONVERSION = YES_AGGRESSIVE;
				CLANG_CXX_LANGUAGE_STANDARD = "gnu++14";
				CLANG_CXX_LIBRARY = "libc++";
				CLANG_ENABLE_MODULES = YES;
				CLANG_ENABLE_OBJC_ARC = YES;
				CLANG_ENABLE_OBJC_WEAK = YES;
				CLANG_WARN_BLOCK_CAPTURE_AUTORELEASING = YES;
				CLANG_WARN_BOOL_CONVERSION = YES;
				CLANG_WARN_COMMA = YES;
				CLANG_WARN_CONSTANT_CONVERSION = YES;
				CLANG_WARN_DEPRECATED_OBJC_IMPLEMENTATIONS = YES;
				CLANG_WARN_DIRECT_OBJC_ISA_USAGE = YES_ERROR;
				CLANG_WARN_DOCUMENTATION_COMMENTS = YES;
				CLANG_WARN_EMPTY_BODY = YES;
				CLANG_WARN_ENUM_CONVERSION = YES;
				CLANG_WARN_INFINITE_RECURSION = YES;
				CLANG_WARN_INT_CONVERSION = YES;
				CLANG_WARN_NON_LITERAL_NULL_CONVERSION = YES;
				CLANG_WARN_OBJC_IMPLICIT_RETAIN_SELF = YES;
				CLANG_WARN_OBJC_LITERAL_CONVERSION = YES;
				CLANG_WARN_OBJC_ROOT_CLASS = YES_ERROR;
				CLANG_WARN_RANGE_LOOP_ANALYSIS = YES;
				CLANG_WARN_STRICT_PROTOTYPES = YES;
				CLANG_WARN_SUSPICIOUS_MOVE = YES;
				CLANG_WARN_UNGUARDED_AVAILABILITY = YES_AGGRESSIVE;
				CLANG_WARN_UNREACHABLE_CODE = YES;
				CLANG_WARN__DUPLICATE_METHOD_MATCH = YES;
				CODE_SIGN_IDENTITY = "iPhone Developer";
				COPY_PHASE_STRIP = NO;
				DEBUG_INFORMATION_FORMAT = dwarf;
				ENABLE_STRICT_OBJC_MSGSEND = YES;
				ENABLE_TESTABILITY = YES;
				GCC_C_LANGUAGE_STANDARD = gnu11;
				GCC_DYNAMIC_NO_PIC = NO;
				GCC_NO_COMMON_BLOCKS = YES;
				GCC_OPTIMIZATION_LEVEL = 0;
				GCC_PREPROCESSOR_DEFINITIONS = (
					"DEBUG=1",
					"$(inherited)",
				);
				GCC_WARN_64_TO_32_BIT_CONVERSION = YES;
				GCC_WARN_ABOUT_RETURN_TYPE = YES_ERROR;
				GCC_WARN_UNDECLARED_SELECTOR = YES;
				GCC_WARN_UNINITIALIZED_AUTOS = YES_AGGRESSIVE;
				GCC_WARN_UNUSED_FUNCTION = YES;
				GCC_WARN_UNUSED_VARIABLE = YES;
				IPHONEOS_DEPLOYMENT_TARGET = 12.0;
				MTL_ENABLE_DEBUG_INFO = INCLUDE_SOURCE;
				MTL_FAST_MATH = YES;
				ONLY_ACTIVE_ARCH = YES;
				SDKROOT = iphoneos;
				SWIFT_ACTIVE_COMPILATION_CONDITIONS = DEBUG;
				SWIFT_OPTIMIZATION_LEVEL = "-Onone";
			};
			name = Debug;
		};
		A692287C219244760037FF5B /* Release */ = {
			isa = XCBuildConfiguration;
			buildSettings = {
				ALWAYS_SEARCH_USER_PATHS = NO;
				CLANG_ANALYZER_NONNULL = YES;
				CLANG_ANALYZER_NUMBER_OBJECT_CONVERSION = YES_AGGRESSIVE;
				CLANG_CXX_LANGUAGE_STANDARD = "gnu++14";
				CLANG_CXX_LIBRARY = "libc++";
				CLANG_ENABLE_MODULES = YES;
				CLANG_ENABLE_OBJC_ARC = YES;
				CLANG_ENABLE_OBJC_WEAK = YES;
				CLANG_WARN_BLOCK_CAPTURE_AUTORELEASING = YES;
				CLANG_WARN_BOOL_CONVERSION = YES;
				CLANG_WARN_COMMA = YES;
				CLANG_WARN_CONSTANT_CONVERSION = YES;
				CLANG_WARN_DEPRECATED_OBJC_IMPLEMENTATIONS = YES;
				CLANG_WARN_DIRECT_OBJC_ISA_USAGE = YES_ERROR;
				CLANG_WARN_DOCUMENTATION_COMMENTS = YES;
				CLANG_WARN_EMPTY_BODY = YES;
				CLANG_WARN_ENUM_CONVERSION = YES;
				CLANG_WARN_INFINITE_RECURSION = YES;
				CLANG_WARN_INT_CONVERSION = YES;
				CLANG_WARN_NON_LITERAL_NULL_CONVERSION = YES;
				CLANG_WARN_OBJC_IMPLICIT_RETAIN_SELF = YES;
				CLANG_WARN_OBJC_LITERAL_CONVERSION = YES;
				CLANG_WARN_OBJC_ROOT_CLASS = YES_ERROR;
				CLANG_WARN_RANGE_LOOP_ANALYSIS = YES;
				CLANG_WARN_STRICT_PROTOTYPES = YES;
				CLANG_WARN_SUSPICIOUS_MOVE = YES;
				CLANG_WARN_UNGUARDED_AVAILABILITY = YES_AGGRESSIVE;
				CLANG_WARN_UNREACHABLE_CODE = YES;
				CLANG_WARN__DUPLICATE_METHOD_MATCH = YES;
				CODE_SIGN_IDENTITY = "iPhone Developer";
				COPY_PHASE_STRIP = NO;
				DEBUG_INFORMATION_FORMAT = "dwarf-with-dsym";
				ENABLE_NS_ASSERTIONS = NO;
				ENABLE_STRICT_OBJC_MSGSEND = YES;
				GCC_C_LANGUAGE_STANDARD = gnu11;
				GCC_NO_COMMON_BLOCKS = YES;
				GCC_WARN_64_TO_32_BIT_CONVERSION = YES;
				GCC_WARN_ABOUT_RETURN_TYPE = YES_ERROR;
				GCC_WARN_UNDECLARED_SELECTOR = YES;
				GCC_WARN_UNINITIALIZED_AUTOS = YES_AGGRESSIVE;
				GCC_WARN_UNUSED_FUNCTION = YES;
				GCC_WARN_UNUSED_VARIABLE = YES;
				IPHONEOS_DEPLOYMENT_TARGET = 12.0;
				MTL_ENABLE_DEBUG_INFO = NO;
				MTL_FAST_MATH = YES;
				SDKROOT = iphoneos;
				SWIFT_COMPILATION_MODE = wholemodule;
				SWIFT_OPTIMIZATION_LEVEL = "-O";
				VALIDATE_PRODUCT = YES;
			};
			name = Release;
		};
		A692287E219244760037FF5B /* Debug */ = {
			isa = XCBuildConfiguration;
			buildSettings = {
				ASSETCATALOG_COMPILER_APPICON_NAME = AppIcon;
				CODE_SIGN_STYLE = Automatic;
				DEVELOPMENT_TEAM = 9YSRE28VB9;
				INFOPLIST_FILE = TipsTricks/Info.plist;
				LD_RUNPATH_SEARCH_PATHS = (
					"$(inherited)",
					"@executable_path/Frameworks",
				);
				PRODUCT_BUNDLE_IDENTIFIER = com.thetrainline.ios.example.TipsTricks;
				PRODUCT_NAME = "$(TARGET_NAME)";
				SWIFT_VERSION = 4.2;
				TARGETED_DEVICE_FAMILY = "1,2";
			};
			name = Debug;
		};
		A692287F219244760037FF5B /* Release */ = {
			isa = XCBuildConfiguration;
			buildSettings = {
				ASSETCATALOG_COMPILER_APPICON_NAME = AppIcon;
				CODE_SIGN_STYLE = Automatic;
				DEVELOPMENT_TEAM = 9YSRE28VB9;
				INFOPLIST_FILE = TipsTricks/Info.plist;
				LD_RUNPATH_SEARCH_PATHS = (
					"$(inherited)",
					"@executable_path/Frameworks",
				);
				PRODUCT_BUNDLE_IDENTIFIER = com.thetrainline.ios.example.TipsTricks;
				PRODUCT_NAME = "$(TARGET_NAME)";
				SWIFT_VERSION = 4.2;
				TARGETED_DEVICE_FAMILY = "1,2";
			};
			name = Release;
		};
		A6922881219244760037FF5B /* Debug */ = {
			isa = XCBuildConfiguration;
			buildSettings = {
				ALWAYS_EMBED_SWIFT_STANDARD_LIBRARIES = YES;
				BUNDLE_LOADER = "$(TEST_HOST)";
				CODE_SIGN_STYLE = Automatic;
				DEVELOPMENT_TEAM = 9YSRE28VB9;
				INFOPLIST_FILE = TipsTricksTests/Info.plist;
				LD_RUNPATH_SEARCH_PATHS = (
					"$(inherited)",
					"@executable_path/Frameworks",
					"@loader_path/Frameworks",
				);
				PRODUCT_BUNDLE_IDENTIFIER = com.thetrainline.ios.example.TipsTricksTests;
				PRODUCT_NAME = "$(TARGET_NAME)";
				SWIFT_VERSION = 4.2;
				TARGETED_DEVICE_FAMILY = "1,2";
				TEST_HOST = "$(BUILT_PRODUCTS_DIR)/TipsTricks.app/TipsTricks";
			};
			name = Debug;
		};
		A6922882219244760037FF5B /* Release */ = {
			isa = XCBuildConfiguration;
			buildSettings = {
				ALWAYS_EMBED_SWIFT_STANDARD_LIBRARIES = YES;
				BUNDLE_LOADER = "$(TEST_HOST)";
				CODE_SIGN_STYLE = Automatic;
				DEVELOPMENT_TEAM = 9YSRE28VB9;
				INFOPLIST_FILE = TipsTricksTests/Info.plist;
				LD_RUNPATH_SEARCH_PATHS = (
					"$(inherited)",
					"@executable_path/Frameworks",
					"@loader_path/Frameworks",
				);
				PRODUCT_BUNDLE_IDENTIFIER = com.thetrainline.ios.example.TipsTricksTests;
				PRODUCT_NAME = "$(TARGET_NAME)";
				SWIFT_VERSION = 4.2;
				TARGETED_DEVICE_FAMILY = "1,2";
				TEST_HOST = "$(BUILT_PRODUCTS_DIR)/TipsTricks.app/TipsTricks";
			};
			name = Release;
		};
/* End XCBuildConfiguration section */

/* Begin XCConfigurationList section */
		A692285B219244740037FF5B /* Build configuration list for PBXProject "TipsTricks" */ = {
			isa = XCConfigurationList;
			buildConfigurations = (
				A692287B219244760037FF5B /* Debug */,
				A692287C219244760037FF5B /* Release */,
			);
			defaultConfigurationIsVisible = 0;
			defaultConfigurationName = Release;
		};
		A692287D219244760037FF5B /* Build configuration list for PBXNativeTarget "TipsTricks" */ = {
			isa = XCConfigurationList;
			buildConfigurations = (
				A692287E219244760037FF5B /* Debug */,
				A692287F219244760037FF5B /* Release */,
			);
			defaultConfigurationIsVisible = 0;
			defaultConfigurationName = Release;
		};
		A6922880219244760037FF5B /* Build configuration list for PBXNativeTarget "TipsTricksTests" */ = {
			isa = XCConfigurationList;
			buildConfigurations = (
				A6922881219244760037FF5B /* Debug */,
				A6922882219244760037FF5B /* Release */,
			);
			defaultConfigurationIsVisible = 0;
			defaultConfigurationName = Release;
		};
/* End XCConfigurationList section */
	};
	rootObject = A6922858219244740037FF5B /* Project object */;
}
