// !$*UTF8*$!
{
	archiveVersion = 1;
	classes = {
	};
	objectVersion = 50;
	objects = {

/* Begin PBXBuildFile section */
		49D4B7A021AAC37300808D18 /* AppDelegate.swift in Sources */ = {isa = PBXBuildFile; fileRef = 49D4B79F21AAC37300808D18 /* AppDelegate.swift */; };
		49D4B7A221AAC37300808D18 /* ViewController.swift in Sources */ = {isa = PBXBuildFile; fileRef = 49D4B7A121AAC37300808D18 /* ViewController.swift */; };
		49D4B7A521AAC37300808D18 /* Main.storyboard in Resources */ = {isa = PBXBuildFile; fileRef = 49D4B7A321AAC37300808D18 /* Main.storyboard */; };
		49D4B7A721AAC37500808D18 /* Assets.xcassets in Resources */ = {isa = PBXBuildFile; fileRef = 49D4B7A621AAC37500808D18 /* Assets.xcassets */; };
		49D4B7AA21AAC37500808D18 /* LaunchScreen.storyboard in Resources */ = {isa = PBXBuildFile; fileRef = 49D4B7A821AAC37500808D18 /* LaunchScreen.storyboard */; };
		49D4B7EC21AAC4FE00808D18 /* swURL.framework in Frameworks */ = {isa = PBXBuildFile; fileRef = 49D4B7E621AAC4EA00808D18 /* swURL.framework */; };
/* End PBXBuildFile section */

/* Begin PBXContainerItemProxy section */
		49D4B7E521AAC4EA00808D18 /* PBXContainerItemProxy */ = {
			isa = PBXContainerItemProxy;
			containerPortal = 49D4B7DE21AAC4EA00808D18 /* swURL.xcodeproj */;
			proxyType = 2;
			remoteGlobalIDString = "swURL::swURL::Product";
			remoteInfo = swURL;
		};
		49D4B7E721AAC4EA00808D18 /* PBXContainerItemProxy */ = {
			isa = PBXContainerItemProxy;
			containerPortal = 49D4B7DE21AAC4EA00808D18 /* swURL.xcodeproj */;
			proxyType = 2;
			remoteGlobalIDString = "swURL::swURLTests::Product";
			remoteInfo = swURLTests;
		};
/* End PBXContainerItemProxy section */

/* Begin PBXFileReference section */
		49D4B79C21AAC37300808D18 /* swURLApp.app */ = {isa = PBXFileReference; explicitFileType = wrapper.application; includeInIndex = 0; path = swURLApp.app; sourceTree = BUILT_PRODUCTS_DIR; };
		49D4B79F21AAC37300808D18 /* AppDelegate.swift */ = {isa = PBXFileReference; lastKnownFileType = sourcecode.swift; path = AppDelegate.swift; sourceTree = "<group>"; };
		49D4B7A121AAC37300808D18 /* ViewController.swift */ = {isa = PBXFileReference; lastKnownFileType = sourcecode.swift; path = ViewController.swift; sourceTree = "<group>"; };
		49D4B7A421AAC37300808D18 /* Base */ = {isa = PBXFileReference; lastKnownFileType = file.storyboard; name = Base; path = Base.lproj/Main.storyboard; sourceTree = "<group>"; };
		49D4B7A621AAC37500808D18 /* Assets.xcassets */ = {isa = PBXFileReference; lastKnownFileType = folder.assetcatalog; path = Assets.xcassets; sourceTree = "<group>"; };
		49D4B7A921AAC37500808D18 /* Base */ = {isa = PBXFileReference; lastKnownFileType = file.storyboard; name = Base; path = Base.lproj/LaunchScreen.storyboard; sourceTree = "<group>"; };
		49D4B7AB21AAC37500808D18 /* Info.plist */ = {isa = PBXFileReference; lastKnownFileType = text.plist.xml; path = Info.plist; sourceTree = "<group>"; };
		49D4B7DE21AAC4EA00808D18 /* swURL.xcodeproj */ = {isa = PBXFileReference; lastKnownFileType = "wrapper.pb-project"; name = swURL.xcodeproj; path = ../swURL/swURL.xcodeproj; sourceTree = "<group>"; };
/* End PBXFileReference section */

/* Begin PBXFrameworksBuildPhase section */
		49D4B79921AAC37300808D18 /* Frameworks */ = {
			isa = PBXFrameworksBuildPhase;
			buildActionMask = 2147483647;
			files = (
				49D4B7EC21AAC4FE00808D18 /* swURL.framework in Frameworks */,
			);
			runOnlyForDeploymentPostprocessing = 0;
		};
/* End PBXFrameworksBuildPhase section */

/* Begin PBXGroup section */
		49D4B79321AAC37300808D18 = {
			isa = PBXGroup;
			children = (
				49D4B79E21AAC37300808D18 /* swURLApp */,
				49D4B79D21AAC37300808D18 /* Products */,
				49D4B7DE21AAC4EA00808D18 /* swURL.xcodeproj */,
				49D4B7EB21AAC4FE00808D18 /* Frameworks */,
			);
			sourceTree = "<group>";
		};
		49D4B79D21AAC37300808D18 /* Products */ = {
			isa = PBXGroup;
			children = (
				49D4B79C21AAC37300808D18 /* swURLApp.app */,
			);
			name = Products;
			sourceTree = "<group>";
		};
		49D4B79E21AAC37300808D18 /* swURLApp */ = {
			isa = PBXGroup;
			children = (
				49D4B79F21AAC37300808D18 /* AppDelegate.swift */,
				49D4B7A121AAC37300808D18 /* ViewController.swift */,
				49D4B7A321AAC37300808D18 /* Main.storyboard */,
				49D4B7A621AAC37500808D18 /* Assets.xcassets */,
				49D4B7A821AAC37500808D18 /* LaunchScreen.storyboard */,
				49D4B7AB21AAC37500808D18 /* Info.plist */,
			);
			path = swURLApp;
			sourceTree = "<group>";
		};
		49D4B7DF21AAC4EA00808D18 /* Products */ = {
			isa = PBXGroup;
			children = (
				49D4B7E621AAC4EA00808D18 /* swURL.framework */,
				49D4B7E821AAC4EA00808D18 /* swURLTests.xctest */,
			);
			name = Products;
			sourceTree = "<group>";
		};
		49D4B7EB21AAC4FE00808D18 /* Frameworks */ = {
			isa = PBXGroup;
			children = (
			);
			name = Frameworks;
			sourceTree = "<group>";
		};
/* End PBXGroup section */

/* Begin PBXNativeTarget section */
		49D4B79B21AAC37300808D18 /* swURLApp */ = {
			isa = PBXNativeTarget;
			buildConfigurationList = 49D4B7AE21AAC37500808D18 /* Build configuration list for PBXNativeTarget "swURLApp" */;
			buildPhases = (
				49D4B79821AAC37300808D18 /* Sources */,
				49D4B79921AAC37300808D18 /* Frameworks */,
				49D4B79A21AAC37300808D18 /* Resources */,
			);
			buildRules = (
			);
			dependencies = (
			);
			name = swURLApp;
			productName = swURLApp;
			productReference = 49D4B79C21AAC37300808D18 /* swURLApp.app */;
			productType = "com.apple.product-type.application";
		};
/* End PBXNativeTarget section */

/* Begin PBXProject section */
		49D4B79421AAC37300808D18 /* Project object */ = {
			isa = PBXProject;
			attributes = {
				LastSwiftUpdateCheck = 1010;
				LastUpgradeCheck = 1010;
				ORGANIZATIONNAME = "Sergio De Simone";
				TargetAttributes = {
					49D4B79B21AAC37300808D18 = {
						CreatedOnToolsVersion = 10.1;
					};
				};
			};
			buildConfigurationList = 49D4B79721AAC37300808D18 /* Build configuration list for PBXProject "swURLApp" */;
			compatibilityVersion = "Xcode 9.3";
			developmentRegion = en;
			hasScannedForEncodings = 0;
			knownRegions = (
				en,
				Base,
			);
			mainGroup = 49D4B79321AAC37300808D18;
			productRefGroup = 49D4B79D21AAC37300808D18 /* Products */;
			projectDirPath = "";
			projectReferences = (
				{
					ProductGroup = 49D4B7DF21AAC4EA00808D18 /* Products */;
					ProjectRef = 49D4B7DE21AAC4EA00808D18 /* swURL.xcodeproj */;
				},
			);
			projectRoot = "";
			targets = (
				49D4B79B21AAC37300808D18 /* swURLApp */,
			);
		};
/* End PBXProject section */

/* Begin PBXReferenceProxy section */
		49D4B7E621AAC4EA00808D18 /* swURL.framework */ = {
			isa = PBXReferenceProxy;
			fileType = wrapper.framework;
			path = swURL.framework;
			remoteRef = 49D4B7E521AAC4EA00808D18 /* PBXContainerItemProxy */;
			sourceTree = BUILT_PRODUCTS_DIR;
		};
		49D4B7E821AAC4EA00808D18 /* swURLTests.xctest */ = {
			isa = PBXReferenceProxy;
			fileType = file;
			path = swURLTests.xctest;
			remoteRef = 49D4B7E721AAC4EA00808D18 /* PBXContainerItemProxy */;
			sourceTree = BUILT_PRODUCTS_DIR;
		};
/* End PBXReferenceProxy section */

/* Begin PBXResourcesBuildPhase section */
		49D4B79A21AAC37300808D18 /* Resources */ = {
			isa = PBXResourcesBuildPhase;
			buildActionMask = 2147483647;
			files = (
				49D4B7AA21AAC37500808D18 /* LaunchScreen.storyboard in Resources */,
				49D4B7A721AAC37500808D18 /* Assets.xcassets in Resources */,
				49D4B7A521AAC37300808D18 /* Main.storyboard in Resources */,
			);
			runOnlyForDeploymentPostprocessing = 0;
		};
/* End PBXResourcesBuildPhase section */

/* Begin PBXSourcesBuildPhase section */
		49D4B79821AAC37300808D18 /* Sources */ = {
			isa = PBXSourcesBuildPhase;
			buildActionMask = 2147483647;
			files = (
				49D4B7A221AAC37300808D18 /* ViewController.swift in Sources */,
				49D4B7A021AAC37300808D18 /* AppDelegate.swift in Sources */,
			);
			runOnlyForDeploymentPostprocessing = 0;
		};
/* End PBXSourcesBuildPhase section */

/* Begin PBXVariantGroup section */
		49D4B7A321AAC37300808D18 /* Main.storyboard */ = {
			isa = PBXVariantGroup;
			children = (
				49D4B7A421AAC37300808D18 /* Base */,
			);
			name = Main.storyboard;
			sourceTree = "<group>";
		};
		49D4B7A821AAC37500808D18 /* LaunchScreen.storyboard */ = {
			isa = PBXVariantGroup;
			children = (
				49D4B7A921AAC37500808D18 /* Base */,
			);
			name = LaunchScreen.storyboard;
			sourceTree = "<group>";
		};
/* End PBXVariantGroup section */

/* Begin XCBuildConfiguration section */
		49D4B7AC21AAC37500808D18 /* Debug */ = {
			isa = XCBuildConfiguration;
			buildSettings = {
				ALWAYS_SEARCH_USER_PATHS = NO;
				CLANG_ANALYZER_NONNULL = YES;
				CLANG_ANALYZER_NUMBER_OBJECT_CONVERSION = YES_AGGRESSIVE;
				CLANG_CXX_LANGUAGE_STANDARD = "gnu++14";
				CLANG_CXX_LIBRARY = "libc++";
				CLANG_ENABLE_MODULES = YES;
				CLANG_ENABLE_OBJC_ARC = YES;
				CLANG_ENABLE_OBJC_WEAK = YES;
				CLANG_WARN_BLOCK_CAPTURE_AUTORELEASING = YES;
				CLANG_WARN_BOOL_CONVERSION = YES;
				CLANG_WARN_COMMA = YES;
				CLANG_WARN_CONSTANT_CONVERSION = YES;
				CLANG_WARN_DEPRECATED_OBJC_IMPLEMENTATIONS = YES;
				CLANG_WARN_DIRECT_OBJC_ISA_USAGE = YES_ERROR;
				CLANG_WARN_DOCUMENTATION_COMMENTS = YES;
				CLANG_WARN_EMPTY_BODY = YES;
				CLANG_WARN_ENUM_CONVERSION = YES;
				CLANG_WARN_INFINITE_RECURSION = YES;
				CLANG_WARN_INT_CONVERSION = YES;
				CLANG_WARN_NON_LITERAL_NULL_CONVERSION = YES;
				CLANG_WARN_OBJC_IMPLICIT_RETAIN_SELF = YES;
				CLANG_WARN_OBJC_LITERAL_CONVERSION = YES;
				CLANG_WARN_OBJC_ROOT_CLASS = YES_ERROR;
				CLANG_WARN_RANGE_LOOP_ANALYSIS = YES;
				CLANG_WARN_STRICT_PROTOTYPES = YES;
				CLANG_WARN_SUSPICIOUS_MOVE = YES;
				CLANG_WARN_UNGUARDED_AVAILABILITY = YES_AGGRESSIVE;
				CLANG_WARN_UNREACHABLE_CODE = YES;
				CLANG_WARN__DUPLICATE_METHOD_MATCH = YES;
				CODE_SIGN_IDENTITY = "iPhone Developer";
				COPY_PHASE_STRIP = NO;
				DEBUG_INFORMATION_FORMAT = dwarf;
				ENABLE_STRICT_OBJC_MSGSEND = YES;
				ENABLE_TESTABILITY = YES;
				GCC_C_LANGUAGE_STANDARD = gnu11;
				GCC_DYNAMIC_NO_PIC = NO;
				GCC_NO_COMMON_BLOCKS = YES;
				GCC_OPTIMIZATION_LEVEL = 0;
				GCC_PREPROCESSOR_DEFINITIONS = (
					"DEBUG=1",
					"$(inherited)",
				);
				GCC_WARN_64_TO_32_BIT_CONVERSION = YES;
				GCC_WARN_ABOUT_RETURN_TYPE = YES_ERROR;
				GCC_WARN_UNDECLARED_SELECTOR = YES;
				GCC_WARN_UNINITIALIZED_AUTOS = YES_AGGRESSIVE;
				GCC_WARN_UNUSED_FUNCTION = YES;
				GCC_WARN_UNUSED_VARIABLE = YES;
				IPHONEOS_DEPLOYMENT_TARGET = 12.1;
				MTL_ENABLE_DEBUG_INFO = INCLUDE_SOURCE;
				MTL_FAST_MATH = YES;
				ONLY_ACTIVE_ARCH = YES;
				SDKROOT = iphoneos;
				SWIFT_ACTIVE_COMPILATION_CONDITIONS = DEBUG;
				SWIFT_OPTIMIZATION_LEVEL = "-Onone";
			};
			name = Debug;
		};
		49D4B7AD21AAC37500808D18 /* Release */ = {
			isa = XCBuildConfiguration;
			buildSettings = {
				ALWAYS_SEARCH_USER_PATHS = NO;
				CLANG_ANALYZER_NONNULL = YES;
				CLANG_ANALYZER_NUMBER_OBJECT_CONVERSION = YES_AGGRESSIVE;
				CLANG_CXX_LANGUAGE_STANDARD = "gnu++14";
				CLANG_CXX_LIBRARY = "libc++";
				CLANG_ENABLE_MODULES = YES;
				CLANG_ENABLE_OBJC_ARC = YES;
				CLANG_ENABLE_OBJC_WEAK = YES;
				CLANG_WARN_BLOCK_CAPTURE_AUTORELEASING = YES;
				CLANG_WARN_BOOL_CONVERSION = YES;
				CLANG_WARN_COMMA = YES;
				CLANG_WARN_CONSTANT_CONVERSION = YES;
				CLANG_WARN_DEPRECATED_OBJC_IMPLEMENTATIONS = YES;
				CLANG_WARN_DIRECT_OBJC_ISA_USAGE = YES_ERROR;
				CLANG_WARN_DOCUMENTATION_COMMENTS = YES;
				CLANG_WARN_EMPTY_BODY = YES;
				CLANG_WARN_ENUM_CONVERSION = YES;
				CLANG_WARN_INFINITE_RECURSION = YES;
				CLANG_WARN_INT_CONVERSION = YES;
				CLANG_WARN_NON_LITERAL_NULL_CONVERSION = YES;
				CLANG_WARN_OBJC_IMPLICIT_RETAIN_SELF = YES;
				CLANG_WARN_OBJC_LITERAL_CONVERSION = YES;
				CLANG_WARN_OBJC_ROOT_CLASS = YES_ERROR;
				CLANG_WARN_RANGE_LOOP_ANALYSIS = YES;
				CLANG_WARN_STRICT_PROTOTYPES = YES;
				CLANG_WARN_SUSPICIOUS_MOVE = YES;
				CLANG_WARN_UNGUARDED_AVAILABILITY = YES_AGGRESSIVE;
				CLANG_WARN_UNREACHABLE_CODE = YES;
				CLANG_WARN__DUPLICATE_METHOD_MATCH = YES;
				CODE_SIGN_IDENTITY = "iPhone Developer";
				COPY_PHASE_STRIP = NO;
				DEBUG_INFORMATION_FORMAT = "dwarf-with-dsym";
				ENABLE_NS_ASSERTIONS = NO;
				ENABLE_STRICT_OBJC_MSGSEND = YES;
				GCC_C_LANGUAGE_STANDARD = gnu11;
				GCC_NO_COMMON_BLOCKS = YES;
				GCC_WARN_64_TO_32_BIT_CONVERSION = YES;
				GCC_WARN_ABOUT_RETURN_TYPE = YES_ERROR;
				GCC_WARN_UNDECLARED_SELECTOR = YES;
				GCC_WARN_UNINITIALIZED_AUTOS = YES_AGGRESSIVE;
				GCC_WARN_UNUSED_FUNCTION = YES;
				GCC_WARN_UNUSED_VARIABLE = YES;
				IPHONEOS_DEPLOYMENT_TARGET = 12.1;
				MTL_ENABLE_DEBUG_INFO = NO;
				MTL_FAST_MATH = YES;
				SDKROOT = iphoneos;
				SWIFT_COMPILATION_MODE = wholemodule;
				SWIFT_OPTIMIZATION_LEVEL = "-O";
				VALIDATE_PRODUCT = YES;
			};
			name = Release;
		};
		49D4B7AF21AAC37500808D18 /* Debug */ = {
			isa = XCBuildConfiguration;
			buildSettings = {
				ASSETCATALOG_COMPILER_APPICON_NAME = AppIcon;
				CODE_SIGN_STYLE = Manual;
				DEVELOPMENT_TEAM = "";
				INFOPLIST_FILE = swURLApp/Info.plist;
				LD_RUNPATH_SEARCH_PATHS = (
					"$(inherited)",
					"@executable_path/Frameworks",
				);
				PRODUCT_BUNDLE_IDENTIFIER = sergiodesimone.com.swURLApp;
				PRODUCT_NAME = "$(TARGET_NAME)";
				PROVISIONING_PROFILE_SPECIFIER = "";
				SWIFT_VERSION = 4.2;
				TARGETED_DEVICE_FAMILY = "1,2";
			};
			name = Debug;
		};
		49D4B7B021AAC37500808D18 /* Release */ = {
			isa = XCBuildConfiguration;
			buildSettings = {
				ASSETCATALOG_COMPILER_APPICON_NAME = AppIcon;
				CODE_SIGN_STYLE = Manual;
				DEVELOPMENT_TEAM = "";
				INFOPLIST_FILE = swURLApp/Info.plist;
				LD_RUNPATH_SEARCH_PATHS = (
					"$(inherited)",
					"@executable_path/Frameworks",
				);
				PRODUCT_BUNDLE_IDENTIFIER = sergiodesimone.com.swURLApp;
				PRODUCT_NAME = "$(TARGET_NAME)";
				PROVISIONING_PROFILE_SPECIFIER = "";
				SWIFT_VERSION = 4.2;
				TARGETED_DEVICE_FAMILY = "1,2";
			};
			name = Release;
		};
/* End XCBuildConfiguration section */

/* Begin XCConfigurationList section */
		49D4B79721AAC37300808D18 /* Build configuration list for PBXProject "swURLApp" */ = {
			isa = XCConfigurationList;
			buildConfigurations = (
				49D4B7AC21AAC37500808D18 /* Debug */,
				49D4B7AD21AAC37500808D18 /* Release */,
			);
			defaultConfigurationIsVisible = 0;
			defaultConfigurationName = Release;
		};
		49D4B7AE21AAC37500808D18 /* Build configuration list for PBXNativeTarget "swURLApp" */ = {
			isa = XCConfigurationList;
			buildConfigurations = (
				49D4B7AF21AAC37500808D18 /* Debug */,
				49D4B7B021AAC37500808D18 /* Release */,
			);
			defaultConfigurationIsVisible = 0;
			defaultConfigurationName = Release;
		};
/* End XCConfigurationList section */
	};
	rootObject = 49D4B79421AAC37300808D18 /* Project object */;
}
